Microsoft Visual Studio Solution File, Format Version 11.00
# Visual Studio 2008

Project("{1E431361-69F4-0A29-104F-3B5A6C90C32C}") = "Game AI Project", "Assembly-CSharp.csproj", "{73D03759-EE96-315D-834C-3275FBE4FE9F}"
EndProject
Global
	GlobalSection(SolutionConfigurationPlatforms) = preSolution
		Debug|Any CPU = Debug|Any CPU
		Release|Any CPU = Release|Any CPU
	EndGlobalSection
	GlobalSection(ProjectConfigurationPlatforms) = postSolution
		{73D03759-EE96-315D-834C-3275FBE4FE9F}.Debug|Any CPU.ActiveCfg = Debug|Any CPU
		{73D03759-EE96-315D-834C-3275FBE4FE9F}.Debug|Any CPU.Build.0 = Debug|Any CPU
		{73D03759-EE96-315D-834C-3275FBE4FE9F}.Release|Any CPU.ActiveCfg = Release|Any CPU
		{73D03759-EE96-315D-834C-3275FBE4FE9F}.Release|Any CPU.Build.0 = Release|Any CPU
	EndGlobalSection
	GlobalSection(SolutionProperties) = preSolution
		HideSolutionNode = FALSE
	EndGlobalSection
	GlobalSection(MonoDevelopProperties) = preSolution
		StartupItem = Assembly-CSharp.csproj
	EndGlobalSection
EndGlobal
